{
  "name": "memory-lancedb-pro",
  "version": "1.1.0-beta.10",
  "lockfileVersion": 3,
  "requires": true,
  "packages": {
    "": {
      "name": "memory-lancedb-pro",
      "version": "1.1.0-beta.10",
      "license": "MIT",
      "dependencies": {
        "@lancedb/lancedb": "file:../../../prj/lancedb/nodejs",
        "@sinclair/typebox": "0.34.48",
        "apache-arrow": "18.1.0",
        "json5": "^2.2.3",
        "openai": "^6.21.0",
        "proper-lockfile": "^4.1.2"
      },
      "devDependencies": {
        "commander": "^14.0.0",
        "jiti": "^2.6.1",
        "typescript": "^5.9.3"
      },
      "optionalDependencies": {
        "@lancedb/lancedb-darwin-arm64": "^0.26.2",
        "@lancedb/lancedb-darwin-x64": "^0.26.2",
        "@lancedb/lancedb-linux-arm64-gnu": "^0.26.2",
        "@lancedb/lancedb-linux-x64-gnu": "^0.26.2",
        "@lancedb/lancedb-win32-x64-msvc": "^0.26.2"
      }
    },
    "../../../prj/lancedb/nodejs": {},
    "node_modules/@lancedb/lancedb": {
      "resolved": "../../../prj/lancedb/nodejs",
      "link": true
    },
    "node_modules/@lancedb/lancedb-darwin-arm64": {
      "version": "0.26.2",
      "resolved": "https://registry.npmjs.org/@lancedb/lancedb-darwin-arm64/-/lancedb-darwin-arm64-0.26.2.tgz",
      "integrity": "sha512-LAZ/v261eTlv44KoEm+AdqGnohS9IbVVVJkH9+8JTqwhe/k4j4Af8X9cD18tsaJAAtrGxxOCyIJ3wZTiBqrkCw==",
      "cpu": [
        "arm64"
      ],
      "license": "Apache-2.0",
      "optional": true,
      "os": [
        "darwin"
      ],
      "engines": {
        "node": ">= 18"
      }
    },
    "node_modules/@lancedb/lancedb-linux-arm64-gnu": {
      "version": "0.26.2",
      "resolved": "https://registry.npmjs.org/@lancedb/lancedb-linux-arm64-gnu/-/lancedb-linux-arm64-gnu-0.26.2.tgz",
      "integrity": "sha512-guHKm+zvuQB22dgyn6/sYZJvD6IL9lC24cl6ZuzVX/jYgag/gNLHT86HongrcBjgdjI6+YIGmdfD6b/iAKxn3Q==",
      "cpu": [
        "arm64"
      ],
      "libc": [
        "glibc"
      ],
      "license": "Apache-2.0",
      "optional": true,
      "os": [
        "linux"
      ],
      "engines": {
        "node": ">= 18"
      }
    },
    "node_modules/@lancedb/lancedb-linux-x64-gnu": {
      "version": "0.26.2",
      "resolved": "https://registry.npmjs.org/@lancedb/lancedb-linux-x64-gnu/-/lancedb-linux-x64-gnu-0.26.2.tgz",
      "integrity": "sha512-u4UUSPwd2YecgGqWjh9W0MHKgsVwB2Ch2ROpF8AY+IA7kpGsbB18R1/t7v2B0q7pahRy20dgsaku5LH1zuzMRQ==",
      "cpu": [
        "x64"
      ],
      "libc": [
        "glibc"
      ],
      "license": "Apache-2.0",
      "optional": true,
      "os": [
        "linux"
      ],
      "engines": {
        "node": ">= 18"
      }
    },
    "node_modules/@lancedb/lancedb-win32-x64-msvc": {
      "version": "0.26.2",
      "resolved": "https://registry.npmjs.org/@lancedb/lancedb-win32-x64-msvc/-/lancedb-win32-x64-msvc-0.26.2.tgz",
      "integrity": "sha512-GH3pfyzicgPGTb84xMXgujlWDaAnBTmUyjooYiCE2tC24BaehX4hgFhXivamzAEsF5U2eVsA/J60Ppif+skAbA==",
      "cpu": [
        "x64"
      ],
      "license": "Apache-2.0",
      "optional": true,
      "os": [
        "win32"
      ],
      "engines": {
        "node": ">= 18"
      }
    },
    "node_modules/@sinclair/typebox": {
      "version": "0.34.48",
      "license": "MIT"
    },
    "node_modules/@swc/helpers": {
      "version": "0.5.18",
      "license": "Apache-2.0",
      "dependencies": {
        "tslib": "^2.8.0"
      }
    },
    "node_modules/@types/command-line-args": {
      "version": "5.2.3",
      "license": "MIT"
    },
    "node_modules/@types/command-line-usage": {
      "version": "5.0.4",
      "license": "MIT"
    },
    "node_modules/@types/node": {
      "version": "20.19.33",
      "license": "MIT",
      "dependencies": {
        "undici-types": "~6.21.0"
      }
    },
    "node_modules/ansi-styles": {
      "version": "4.3.0",
      "license": "MIT",
      "dependencies": {
        "color-convert": "^2.0.1"
      },
      "engines": {
        "node": ">=8"
      },
      "funding": {
        "url": "https://github.com/chalk/ansi-styles?sponsor=1"
      }
    },
    "node_modules/apache-arrow": {
      "version": "18.1.0",
      "license": "Apache-2.0",
      "dependencies": {
        "@swc/helpers": "^0.5.11",
        "@types/command-line-args": "^5.2.3",
        "@types/command-line-usage": "^5.0.4",
        "@types/node": "^20.13.0",
        "command-line-args": "^5.2.1",
        "command-line-usage": "^7.0.1",
        "flatbuffers": "^24.3.25",
        "json-bignum": "^0.0.3",
        "tslib": "^2.6.2"
      },
      "bin": {
        "arrow2csv": "bin/arrow2csv.js"
      }
    },
    "node_modules/array-back": {
      "version": "3.1.0",
      "license": "MIT",
      "engines": {
        "node": ">=6"
      }
    },
    "node_modules/chalk": {
      "version": "4.1.2",
      "license": "MIT",
      "dependencies": {
        "ansi-styles": "^4.1.0",
        "supports-color": "^7.1.0"
      },
      "engines": {
        "node": ">=10"
      },
      "funding": {
        "url": "https://github.com/chalk/chalk?sponsor=1"
      }
    },
    "node_modules/chalk-template": {
      "version": "0.4.0",
      "license": "MIT",
      "dependencies": {
        "chalk": "^4.1.2"
      },
      "engines": {
        "node": ">=12"
      },
      "funding": {
        "url": "https://github.com/chalk/chalk-template?sponsor=1"
      }
    },
    "node_modules/color-convert": {
      "version": "2.0.1",
      "license": "MIT",
      "dependencies": {
        "color-name": "~1.1.4"
      },
      "engines": {
        "node": ">=7.0.0"
      }
    },
    "node_modules/color-name": {
      "version": "1.1.4",
      "license": "MIT"
    },
    "node_modules/command-line-args": {
      "version": "5.2.1",
      "license": "MIT",
      "dependencies": {
        "array-back": "^3.1.0",
        "find-replace": "^3.0.0",
        "lodash.camelcase": "^4.3.0",
        "typical": "^4.0.0"
      },
      "engines": {
        "node": ">=4.0.0"
      }
    },
    "node_modules/command-line-usage": {
      "version": "7.0.3",
      "license": "MIT",
      "dependencies": {
        "array-back": "^6.2.2",
        "chalk-template": "^0.4.0",
        "table-layout": "^4.1.0",
        "typical": "^7.1.1"
      },
      "engines": {
        "node": ">=12.20.0"
      }
    },
    "node_modules/command-line-usage/node_modules/array-back": {
      "version": "6.2.2",
      "license": "MIT",
      "engines": {
        "node": ">=12.17"
      }
    },
    "node_modules/command-line-usage/node_modules/typical": {
      "version": "7.3.0",
      "license": "MIT",
      "engines": {
        "node": ">=12.17"
      }
    },
    "node_modules/commander": {
      "version": "14.0.3",
      "dev": true,
      "license": "MIT",
      "engines": {
        "node": ">=20"
      }
    },
    "node_modules/find-replace": {
      "version": "3.0.0",
      "license": "MIT",
      "dependencies": {
        "array-back": "^3.0.1"
      },
      "engines": {
        "node": ">=4.0.0"
      }
    },
    "node_modules/flatbuffers": {
      "version": "24.12.23",
      "license": "Apache-2.0"
    },
    "node_modules/graceful-fs": {
      "version": "4.2.11",
      "license": "ISC"
    },
    "node_modules/has-flag": {
      "version": "4.0.0",
      "license": "MIT",
      "engines": {
        "node": ">=8"
      }
    },
    "node_modules/jiti": {
      "version": "2.6.1",
      "dev": true,
      "license": "MIT",
      "bin": {
        "jiti": "lib/jiti-cli.mjs"
      }
    },
    "node_modules/json-bignum": {
      "version": "0.0.3",
      "engines": {
        "node": ">=0.8"
      }
    },
    "node_modules/json5": {
      "version": "2.2.3",
      "license": "MIT",
      "bin": {
        "json5": "lib/cli.js"
      },
      "engines": {
        "node": ">=6"
      }
    },
    "node_modules/lodash.camelcase": {
      "version": "4.3.0",
      "license": "MIT"
    },
    "node_modules/openai": {
      "version": "6.22.0",
      "license": "Apache-2.0",
      "bin": {
        "openai": "bin/cli"
      },
      "peerDependencies": {
        "ws": "^8.18.0",
        "zod": "^3.25 || ^4.0"
      },
      "peerDependenciesMeta": {
        "ws": {
          "optional": true
        },
        "zod": {
          "optional": true
        }
      }
    },
    "node_modules/proper-lockfile": {
      "version": "4.1.2",
      "license": "MIT",
      "dependencies": {
        "graceful-fs": "^4.2.4",
        "retry": "^0.12.0",
        "signal-exit": "^3.0.2"
      }
    },
    "node_modules/retry": {
      "version": "0.12.0",
      "license": "MIT",
      "engines": {
        "node": ">= 4"
      }
    },
    "node_modules/signal-exit": {
      "version": "3.0.7",
      "license": "ISC"
    },
    "node_modules/supports-color": {
      "version": "7.2.0",
      "license": "MIT",
      "dependencies": {
        "has-flag": "^4.0.0"
      },
      "engines": {
        "node": ">=8"
      }
    },
    "node_modules/table-layout": {
      "version": "4.1.1",
      "license": "MIT",
      "dependencies": {
        "array-back": "^6.2.2",
        "wordwrapjs": "^5.1.0"
      },
      "engines": {
        "node": ">=12.17"
      }
    },
    "node_modules/table-layout/node_modules/array-back": {
      "version": "6.2.2",
      "license": "MIT",
      "engines": {
        "node": ">=12.17"
      }
    },
    "node_modules/tslib": {
      "version": "2.8.1",
      "license": "0BSD"
    },
    "node_modules/typescript": {
      "version": "5.9.3",
      "dev": true,
      "license": "Apache-2.0",
      "bin": {
        "tsc": "bin/tsc",
        "tsserver": "bin/tsserver"
      },
      "engines": {
        "node": ">=14.17"
      }
    },
    "node_modules/typical": {
      "version": "4.0.0",
      "license": "MIT",
      "engines": {
        "node": ">=8"
      }
    },
    "node_modules/undici-types": {
      "version": "6.21.0",
      "license": "MIT"
    },
    "node_modules/wordwrapjs": {
      "version": "5.1.1",
      "license": "MIT",
      "engines": {
        "node": ">=12.17"
      }
    }
  }
}
